{
  "name": "create-react-app",
  "version": "0.1.0",
  "lockfileVersion": 1,
  "requires": true,
  "dependencies": {
    "@babel/runtime": {
      "version": "7.14.0",
      "resolved": "https://registry.npmjs.org/@babel/runtime/-/runtime-7.14.0.tgz",
      "integrity": "sha512-JELkvo/DlpNdJ7dlyw/eY7E0suy5i5GQH+Vlxaq1nsNJ+H7f4Vtv3jMeCEgRhZZQFXTjldYfQgv2qmM6M1v5wA==",
      "requires": {
        "regenerator-runtime": "^0.13.4"
      }
    },
    "@chevrotain/types": {
      "version": "9.0.1",
      "resolved": "https://registry.npmjs.org/@chevrotain/types/-/types-9.0.1.tgz",
      "integrity": "sha512-jyIgbvb0Vz3OhLdImiufolBxRNAPFhpZmWuNWQ9ffU+nsxLJ0a0yObRCkdT2MKGXolwLZow3r8zhVr/7f5yNSA=="
    },
    "@chevrotain/utils": {
      "version": "9.0.0",
      "resolved": "https://registry.npmjs.org/@chevrotain/utils/-/utils-9.0.0.tgz",
      "integrity": "sha512-J0uI+VxqCMiTFmVD95dfZr1QxJcw1RMQc7X3umMAfEcG5f2uWrZeyX0h3hURvXgzUcK6vXH5r+SNv+4bPxWpdg=="
    },
    "@react-spring/animated": {
      "version": "9.1.2",
      "resolved": "https://registry.npmjs.org/@react-spring/animated/-/animated-9.1.2.tgz",
      "integrity": "sha512-nKOGk+3aWbNp46V/CB1J2vR3GJI/Vork8N1WTI5mt+32QekrSsBn5/YFt4/iPaDGhLjukFxF0IjLs6hRLqSObw==",
      "requires": {
        "@react-spring/shared": "~9.1.2",
        "@react-spring/types": "~9.1.2"
      }
    },
    "@react-spring/core": {
      "version": "9.1.2",
      "resolved": "https://registry.npmjs.org/@react-spring/core/-/core-9.1.2.tgz",
      "integrity": "sha512-rgobYPCcLdDwbHBVqAmvtXhhX92G7MoPltJlzUge843yp1dNr47tkagFdCtw9NMGp6eHu/CE5byh/imlhLLAxw==",
      "requires": {
        "@react-spring/animated": "~9.1.2",
        "@react-spring/shared": "~9.1.2",
        "@react-spring/types": "~9.1.2"
      }
    },
    "@react-spring/shared": {
      "version": "9.1.2",
      "resolved": "https://registry.npmjs.org/@react-spring/shared/-/shared-9.1.2.tgz",
      "integrity": "sha512-sj/RrhFZAteCWAMk+W0t6Ku/skn/lbskCCs8B7ZnHNLMGPM+Zb3MOk+aVbX3T/D0iq/oTnKWyQYqrXDKiFcZ7g==",
      "requires": {
        "@react-spring/types": "~9.1.2",
        "rafz": "^0.1.14"
      }
    },
    "@react-spring/types": {
      "version": "9.1.2",
      "resolved": "https://registry.npmjs.org/@react-spring/types/-/types-9.1.2.tgz",
      "integrity": "sha512-NZNImL0ymRFbss1cGKX2qSEeFdFoOgnIJZEW4Uczt+wm04J7g0Zuf23Hf8hM35JtxDr8QO5okp8BBtCM5FzzMg=="
    },
    "@react-spring/web": {
      "version": "9.1.2",
      "resolved": "https://registry.npmjs.org/@react-spring/web/-/web-9.1.2.tgz",
      "integrity": "sha512-E5W9Hmi2bO6CPorCNV/2iv12ux9LxHJAbpXmrBPKWFRqZixysiHoNQKKPG0DmSvUU1uKkvCvMC4VoB6pj/2kxw==",
      "requires": {
        "@react-spring/animated": "~9.1.2",
        "@react-spring/core": "~9.1.2",
        "@react-spring/shared": "~9.1.2",
        "@react-spring/types": "~9.1.2"
      }
    },
    "@react-three/drei": {
      "version": "5.0.0",
      "resolved": "https://registry.npmjs.org/@react-three/drei/-/drei-5.0.0.tgz",
      "integrity": "sha512-XekK91TE/kNvo8HF+NUPxX9mIrdV40iMFanGc3OUtKDdF3ighv3P05bFsHobBXQ3X3nQOvqz0TAP+H/QcmCFig==",
      "requires": {
        "@babel/runtime": "^7.11.2",
        "blob-polyfill": "^5.0.20210201",
        "detect-gpu": "^3.0.0",
        "glsl-noise": "^0.0.0",
        "lodash.omit": "^4.5.0",
        "lodash.pick": "^4.4.0",
        "react-merge-refs": "^1.0.0",
        "stats.js": "^0.17.0",
        "three-stdlib": "^2.0.1",
        "troika-three-text": "^0.42.0",
        "use-asset": "^1.0.4",
        "utility-types": "^3.10.0",
        "zustand": "^3.5.1"
      }
    },
    "@react-three/fiber": {
      "version": "6.1.4",
      "resolved": "https://registry.npmjs.org/@react-three/fiber/-/fiber-6.1.4.tgz",
      "integrity": "sha512-Bmk26+HNlT3i1L/mkTnkL5JcYi8fJ8dwVk7qjX+G6gwCrfU3AlxMYd0IoVfxg+QZ5vf/pcDY8Q3bql9KMl3jbw==",
      "requires": {
        "@babel/runtime": "^7.13.10",
        "react-merge-refs": "^1.1.0",
        "react-reconciler": "^0.26.2",
        "react-three-fiber": "0.0.0-deprecated",
        "react-use-measure": "^2.0.4",
        "resize-observer-polyfill": "^1.5.1",
        "scheduler": "^0.20.2",
        "use-asset": "^1.0.4",
        "utility-types": "^3.10.0",
        "zustand": "^3.5.1"
      },
      "dependencies": {
        "react-three-fiber": {
          "version": "0.0.0-deprecated",
          "resolved": "https://registry.npmjs.org/react-three-fiber/-/react-three-fiber-0.0.0-deprecated.tgz",
          "integrity": "sha512-EblIqTAsIpkYeM8bZtC4lcpTE0A2zCEGipFB52RgcQq/q+0oryrk7Sxt+sqhIjUu6xMNEVywV8dr74lz5yWO6A=="
        }
      }
    },
    "@webgpu/glslang": {
      "version": "0.0.15",
      "resolved": "https://registry.npmjs.org/@webgpu/glslang/-/glslang-0.0.15.tgz",
      "integrity": "sha512-niT+Prh3Aff8Uf1MVBVUsaNjFj9rJAKDXuoHIKiQbB+6IUP/3J3JIhBNyZ7lDhytvXxw6ppgnwKZdDJ08UMj4Q=="
    },
    "@webxr-input-profiles/motion-controllers": {
      "version": "1.0.0",
      "resolved": "https://registry.npmjs.org/@webxr-input-profiles/motion-controllers/-/motion-controllers-1.0.0.tgz",
      "integrity": "sha512-Ppxde+G1/QZbU8ShCQg+eq5VtlcL/FPkerF1dkDOLlIml0LJD1tFqnCZYR0SrHzYleIQ2siRnOx7xbFLaCpExQ=="
    },
    "bidi-js": {
      "version": "1.0.2",
      "resolved": "https://registry.npmjs.org/bidi-js/-/bidi-js-1.0.2.tgz",
      "integrity": "sha512-rzSy/k7WdX5zOyeHHCOixGXbCHkyogkxPKL2r8QtzHmVQDiWCXUWa18bLdMWT9CYMLOYTjWpTHawuev2ouYJVw==",
      "requires": {
        "require-from-string": "^2.0.2"
      }
    },
    "blob-polyfill": {
      "version": "5.0.20210201",
      "resolved": "https://registry.npmjs.org/blob-polyfill/-/blob-polyfill-5.0.20210201.tgz",
      "integrity": "sha512-SrH6IG6aXL9pCgSysBCiDpGcAJ1j6/c1qCwR3sTEQJhb+MTk6FITNA6eW6WNYQDNZVi4Z9GjxH5v2MMTv59CrQ=="
    },
    "chevrotain": {
      "version": "9.0.1",
      "resolved": "https://registry.npmjs.org/chevrotain/-/chevrotain-9.0.1.tgz",
      "integrity": "sha512-7rFWS+G8yavnYK5AcqSL9mSXPRfz+atuwM4Hq5Ph/CNM7n7zl3woPXMGWS+cdxSD01nic4PozN12zaw1Fu8cug==",
      "requires": {
        "@chevrotain/types": "^9.0.1",
        "@chevrotain/utils": "^9.0.0",
        "regexp-to-ast": "0.5.0"
      }
    },
    "debounce": {
      "version": "1.2.1",
      "resolved": "https://registry.npmjs.org/debounce/-/debounce-1.2.1.tgz",
      "integrity": "sha512-XRRe6Glud4rd/ZGQfiV1ruXSfbvfJedlV9Y6zOlP+2K04vBYiJEte6stfFkCP03aMnY5tsipamumUjL14fofug=="
    },
    "detect-gpu": {
      "version": "3.0.0",
      "resolved": "https://registry.npmjs.org/detect-gpu/-/detect-gpu-3.0.0.tgz",
      "integrity": "sha512-D/uxvKWDqhy7XoHHdC7By1Bzxuv0t8OwccsiW1DbRPsqOr0rTAjxdO//bSck6QS54jc9QHbaQoRczAy5KbCOCQ==",
      "requires": {
        "webgl-constants": "^1.1.1"
      }
    },
    "drei": {
      "version": "2.2.21",
      "resolved": "https://registry.npmjs.org/drei/-/drei-2.2.21.tgz",
      "integrity": "sha512-ue0fmH0VfyYUeHyyEggSsIvYQrSY3mUdW4MDiTxn69hQ08S52Z1bAHsBsE7o7TQD8cBQu+oGCRGXf7HBOUYgng==",
      "requires": {
        "@babel/runtime": "^7.11.2",
        "@react-spring/web": "^9.0.0-rc.3",
        "detect-gpu": "^3.0.0",
        "glsl-noise": "^0.0.0",
        "lodash.omit": "^4.5.0",
        "lodash.pick": "^4.4.0",
        "react-merge-refs": "^1.0.0",
        "stats.js": "^0.17.0",
        "troika-three-text": "^0.34.2",
        "utility-types": "^3.10.0",
        "zustand": "^3.0.3"
      },
      "dependencies": {
        "troika-three-text": {
          "version": "0.34.2",
          "resolved": "https://registry.npmjs.org/troika-three-text/-/troika-three-text-0.34.2.tgz",
          "integrity": "sha512-2YNZjI1TJXDrSz3JvQEW4GXJ6/Zlca+On0rbPyqGvcKYZTXzHkUd7a/wBIBicP9Ca/W+V0E+BVLvsoZEXjqTfg==",
          "requires": {
            "troika-three-utils": "^0.34.0",
            "troika-worker-utils": "^0.34.1"
          }
        },
        "troika-three-utils": {
          "version": "0.34.0",
          "resolved": "https://registry.npmjs.org/troika-three-utils/-/troika-three-utils-0.34.0.tgz",
          "integrity": "sha512-6Dm6FzGFpuiehjKkm3wAV3e+SPnHQ+GxwXnHFToKLcQ1/gVDOIL69BWCosrlEUb0SUOQjQv6sd5QpNT6IIewpQ=="
        },
        "troika-worker-utils": {
          "version": "0.34.1",
          "resolved": "https://registry.npmjs.org/troika-worker-utils/-/troika-worker-utils-0.34.1.tgz",
          "integrity": "sha512-zLTSB6ISd/dpBMG6PFR2v7sqU2bqVwOUd45iWzcgcRE9+w/5YJN8h0+H5EmgRPIVe5xus0UZQKUgVH6FRA+YdQ=="
        }
      }
    },
    "fast-deep-equal": {
      "version": "3.1.3",
      "resolved": "https://registry.npmjs.org/fast-deep-equal/-/fast-deep-equal-3.1.3.tgz",
      "integrity": "sha512-f3qQ9oQy9j2AhBe/H9VC91wLmKBCCU/gDOnKNAYG5hswO7BLKj09Hc5HYNz9cGI++xlpDCIgDaitVs03ATR84Q=="
    },
    "fflate": {
      "version": "0.6.10",
      "resolved": "https://registry.npmjs.org/fflate/-/fflate-0.6.10.tgz",
      "integrity": "sha512-IQrh3lEPM93wVCEczc9SaAOvkmcoQn/G8Bo1e8ZPlY3X3bnAxWaBdvTdvM1hP62iZp0BXWDy4vTAy4fF0+Dlpg=="
    },
    "glsl-noise": {
      "version": "0.0.0",
      "resolved": "https://registry.npmjs.org/glsl-noise/-/glsl-noise-0.0.0.tgz",
      "integrity": "sha1-NndF86MzgsDu7Ey1S36Zz8HXZws="
    },
    "js-tokens": {
      "version": "4.0.0",
      "resolved": "https://registry.npmjs.org/js-tokens/-/js-tokens-4.0.0.tgz",
      "integrity": "sha512-RdJUflcE3cUzKiMqQgsCu06FPu9UdIJO0beYbPhHN4k6apgJtifcoCtT9bcxOpYBtpD2kCM6Sbzg4CausW/PKQ=="
    },
    "ktx-parse": {
      "version": "0.2.1",
      "resolved": "https://registry.npmjs.org/ktx-parse/-/ktx-parse-0.2.1.tgz",
      "integrity": "sha512-I+2mYJ6nQdWGmOlE3m9d9idKfhn2MCw04zaVpgtzyuc19uQ8OwRmmYLf/TP5ueVFfYmHbdpM8mPmId2X5PBLEw=="
    },
    "lodash.omit": {
      "version": "4.5.0",
      "resolved": "https://registry.npmjs.org/lodash.omit/-/lodash.omit-4.5.0.tgz",
      "integrity": "sha1-brGa5aHuHdnfC5aeZs4Lf6MLXmA="
    },
    "lodash.pick": {
      "version": "4.4.0",
      "resolved": "https://registry.npmjs.org/lodash.pick/-/lodash.pick-4.4.0.tgz",
      "integrity": "sha1-UvBWEP/53tQiYRRB7R/BI6AwAbM="
    },
    "loose-envify": {
      "version": "1.4.0",
      "resolved": "https://registry.npmjs.org/loose-envify/-/loose-envify-1.4.0.tgz",
      "integrity": "sha512-lyuxPGr/Wfhrlem2CL/UcnUc1zcqKAImBDzukY7Y5F/yQiNdko6+fRLevlw1HgMySw7f611UIY408EtxRSoK3Q==",
      "requires": {
        "js-tokens": "^3.0.0 || ^4.0.0"
      }
    },
    "mmd-parser": {
      "version": "1.0.4",
      "resolved": "https://registry.npmjs.org/mmd-parser/-/mmd-parser-1.0.4.tgz",
      "integrity": "sha512-Qi0VCU46t2IwfGv5KF0+D/t9cizcDug7qnNoy9Ggk7aucp0tssV8IwTMkBlDbm+VqAf3cdQHTCARKSsuS2MYFg=="
    },
    "object-assign": {
      "version": "4.1.1",
      "resolved": "https://registry.npmjs.org/object-assign/-/object-assign-4.1.1.tgz",
      "integrity": "sha1-IQmtx5ZYh8/AXLvUQsrIv7s2CGM="
    },
    "opentype.js": {
      "version": "1.3.3",
      "resolved": "https://registry.npmjs.org/opentype.js/-/opentype.js-1.3.3.tgz",
      "integrity": "sha512-/qIY/+WnKGlPIIPhbeNjynfD2PO15G9lA/xqlX2bDH+4lc3Xz5GCQ68mqxj3DdUv6AJqCeaPvuAoH8mVL0zcuA==",
      "requires": {
        "string.prototype.codepointat": "^0.2.1",
        "tiny-inflate": "^1.0.3"
      }
    },
    "potpack": {
      "version": "1.0.1",
      "resolved": "https://registry.npmjs.org/potpack/-/potpack-1.0.1.tgz",
      "integrity": "sha512-15vItUAbViaYrmaB/Pbw7z6qX2xENbFSTA7Ii4tgbPtasxm5v6ryKhKtL91tpWovDJzTiZqdwzhcFBCwiMVdVw=="
    },
    "rafz": {
      "version": "0.1.14",
      "resolved": "https://registry.npmjs.org/rafz/-/rafz-0.1.14.tgz",
      "integrity": "sha512-YiQkedSt1urYtYbvHhTQR3l67M8SZbUvga5eJFM/v4vx/GmDdtXlE2hjJIyRjhhO/PjcdGC+CXCYOUA4onit8w=="
    },
    "react-merge-refs": {
      "version": "1.1.0",
      "resolved": "https://registry.npmjs.org/react-merge-refs/-/react-merge-refs-1.1.0.tgz",
      "integrity": "sha512-alTKsjEL0dKH/ru1Iyn7vliS2QRcBp9zZPGoWxUOvRGWPUYgjo+V01is7p04It6KhgrzhJGnIj9GgX8W4bZoCQ=="
    },
    "react-reconciler": {
      "version": "0.26.2",
      "resolved": "https://registry.npmjs.org/react-reconciler/-/react-reconciler-0.26.2.tgz",
      "integrity": "sha512-nK6kgY28HwrMNwDnMui3dvm3rCFjZrcGiuwLc5COUipBK5hWHLOxMJhSnSomirqWwjPBJKV1QcbkI0VJr7Gl1Q==",
      "requires": {
        "loose-envify": "^1.1.0",
        "object-assign": "^4.1.1",
        "scheduler": "^0.20.2"
      }
    },
    "react-three-fiber": {
      "version": "6.0.13",
      "resolved": "https://registry.npmjs.org/react-three-fiber/-/react-three-fiber-6.0.13.tgz",
      "integrity": "sha512-uShQnkMVLvnzwf3YzY9mnzCnpmLpvTQkc0ycrtwk8fyjXmZt2695tLn3tufPF6uxq06UKJRKJcjCVCMXyUcEPQ==",
      "requires": {
        "@react-three/fiber": "^6.1.4"
      }
    },
    "react-use-measure": {
      "version": "2.0.4",
      "resolved": "https://registry.npmjs.org/react-use-measure/-/react-use-measure-2.0.4.tgz",
      "integrity": "sha512-7K2HIGaPMl3Q9ZQiEVjen3tRXl4UDda8LiTPy/QxP8dP2rl5gPBhf7mMH6MVjjRNv3loU7sNzey/ycPNnHVTxQ==",
      "requires": {
        "debounce": "^1.2.0"
      }
    },
    "regenerator-runtime": {
      "version": "0.13.7",
      "resolved": "https://registry.npmjs.org/regenerator-runtime/-/regenerator-runtime-0.13.7.tgz",
      "integrity": "sha512-a54FxoJDIr27pgf7IgeQGxmqUNYrcV338lf/6gH456HZ/PhX+5BcwHXG9ajESmwe6WRO0tAzRUrRmNONWgkrew=="
    },
    "regexp-to-ast": {
      "version": "0.5.0",
      "resolved": "https://registry.npmjs.org/regexp-to-ast/-/regexp-to-ast-0.5.0.tgz",
      "integrity": "sha512-tlbJqcMHnPKI9zSrystikWKwHkBqu2a/Sgw01h3zFjvYrMxEDYHzzoMZnUrbIfpTFEsoRnnviOXNCzFiSc54Qw=="
    },
    "require-from-string": {
      "version": "2.0.2",
      "resolved": "https://registry.npmjs.org/require-from-string/-/require-from-string-2.0.2.tgz",
      "integrity": "sha512-Xf0nWe6RseziFMu+Ap9biiUbmplq6S9/p+7w7YXP/JBHhrUDDUhwa+vANyubuqfZWTveU//DYVGsDG7RKL/vEw=="
    },
    "resize-observer-polyfill": {
      "version": "1.5.1",
      "resolved": "https://registry.npmjs.org/resize-observer-polyfill/-/resize-observer-polyfill-1.5.1.tgz",
      "integrity": "sha512-LwZrotdHOo12nQuZlHEmtuXdqGoOD0OhaxopaNFxWzInpEgaLWoVuAMbTzixuosCx2nEG58ngzW3vxdWoxIgdg=="
    },
    "scheduler": {
      "version": "0.20.2",
      "resolved": "https://registry.npmjs.org/scheduler/-/scheduler-0.20.2.tgz",
      "integrity": "sha512-2eWfGgAqqWFGqtdMmcL5zCMK1U8KlXv8SQFGglL3CEtd0aDVDWgeF/YoCmvln55m5zSk3J/20hTaSBeSObsQDQ==",
      "requires": {
        "loose-envify": "^1.1.0",
        "object-assign": "^4.1.1"
      }
    },
    "stats.js": {
      "version": "0.17.0",
      "resolved": "https://registry.npmjs.org/stats.js/-/stats.js-0.17.0.tgz",
      "integrity": "sha1-scPcRtlEmLV4t/05hbgaznExzH0="
    },
    "string.prototype.codepointat": {
      "version": "0.2.1",
      "resolved": "https://registry.npmjs.org/string.prototype.codepointat/-/string.prototype.codepointat-0.2.1.tgz",
      "integrity": "sha512-2cBVCj6I4IOvEnjgO/hWqXjqBGsY+zwPmHl12Srk9IXSZ56Jwwmy+66XO5Iut/oQVR7t5ihYdLB0GMa4alEUcg=="
    },
    "three": {
      "version": "0.128.0",
      "resolved": "https://registry.npmjs.org/three/-/three-0.128.0.tgz",
      "integrity": "sha512-i0ap/E+OaSfzw7bD1TtYnPo3VEplkl70WX5fZqZnfZsE3k3aSFudqrrC9ldFZfYFkn1zwDmBcdGfiIm/hnbyZA=="
    },
    "three-stdlib": {
      "version": "2.0.3",
      "resolved": "https://registry.npmjs.org/three-stdlib/-/three-stdlib-2.0.3.tgz",
      "integrity": "sha512-jJ4dYvbqDyd0PfSSNzmHc1VwJPjOdWctmiqcZEn0i4tEu19myTpPSV5wNLo0cIHpoGdISvdwHyETPFlwW+CMPA==",
      "requires": {
        "@babel/runtime": "^7.13.17",
        "@webgpu/glslang": "^0.0.15",
        "@webxr-input-profiles/motion-controllers": "^1.0.0",
        "chevrotain": "^9.0.1",
        "fflate": "^0.6.9",
        "ktx-parse": "^0.2.1",
        "mmd-parser": "^1.0.4",
        "opentype.js": "^1.3.3",
        "potpack": "^1.0.1",
        "zstddec": "^0.0.2"
      }
    },
    "three-subdivision-modifier": {
      "version": "1.0.5",
      "resolved": "https://registry.npmjs.org/three-subdivision-modifier/-/three-subdivision-modifier-1.0.5.tgz",
      "integrity": "sha1-Z26oQfb1RtjLtm9Nw65zp2CdurA="
    },
    "tiny-inflate": {
      "version": "1.0.3",
      "resolved": "https://registry.npmjs.org/tiny-inflate/-/tiny-inflate-1.0.3.tgz",
      "integrity": "sha512-pkY1fj1cKHb2seWDy0B16HeWyczlJA9/WW3u3c4z/NiWDsO3DOU5D7nhTLE9CF0yXv/QZFY7sEJmj24dK+Rrqw=="
    },
    "troika-three-text": {
      "version": "0.42.0",
      "resolved": "https://registry.npmjs.org/troika-three-text/-/troika-three-text-0.42.0.tgz",
      "integrity": "sha512-bI9tCNwYDxcAi04NN0g0exOCrvNur9YfA2adR3AZgKHq+FIzxFIOem9LJ8kVwvo4smR+/hAv8N8pcRvXTek21w==",
      "requires": {
        "bidi-js": "^1.0.2",
        "troika-three-utils": "^0.42.0",
        "troika-worker-utils": "^0.42.0"
      }
    },
    "troika-three-utils": {
      "version": "0.42.0",
      "resolved": "https://registry.npmjs.org/troika-three-utils/-/troika-three-utils-0.42.0.tgz",
      "integrity": "sha512-IimGItKTN4PxeXEL4uWSF20kHZU1J1jXHD0gYQflX3QOFSven7HBG7nEqHcWavbZkB3AeRfR6NB3294GIt3uGA=="
    },
    "troika-worker-utils": {
      "version": "0.42.0",
      "resolved": "https://registry.npmjs.org/troika-worker-utils/-/troika-worker-utils-0.42.0.tgz",
      "integrity": "sha512-eTfX/vBNC7zMD+sSIDzbQAVwbhotbCz71IimZe0rFqPvAXkvLpKfH2YcWd1Ho42PII1O9Gl4QxxTV8ulRmDilQ=="
    },
    "use-asset": {
      "version": "1.0.4",
      "resolved": "https://registry.npmjs.org/use-asset/-/use-asset-1.0.4.tgz",
      "integrity": "sha512-7/hqDrWa0iMnCoET9W1T07EmD4Eg/Wmoj/X8TGBc++ECRK4m5yTsjP4O6s0yagbxfqIOuUkIxe2/sA+VR2GxZA==",
      "requires": {
        "fast-deep-equal": "^3.1.3"
      }
    },
    "use-cannon": {
      "version": "0.5.3",
      "resolved": "https://registry.npmjs.org/use-cannon/-/use-cannon-0.5.3.tgz",
      "integrity": "sha512-zVn1rRQJ3rw5grOkkNaxRcjS3AWsklrwHsOkmFiUq7Ac+jOE3CEJtASDK2ErScPe85c3BZDRO+/y9UU7VfaD1g=="
    },
    "utility-types": {
      "version": "3.10.0",
      "resolved": "https://registry.npmjs.org/utility-types/-/utility-types-3.10.0.tgz",
      "integrity": "sha512-O11mqxmi7wMKCo6HKFt5AhO4BwY3VV68YU07tgxfz8zJTIxr4BpsezN49Ffwy9j3ZpwwJp4fkRwjRzq3uWE6Rg=="
    },
    "vanta": {
      "version": "0.5.21",
      "resolved": "https://registry.npmjs.org/vanta/-/vanta-0.5.21.tgz",
      "integrity": "sha512-UYW6rYXVl8klFbQrhmgDMZ7SCys9hKROIuTlq5M+v6j346BPu1wqBwVRQPHiYsuooWkUYY6HSXV/9HrJBSuo6g=="
    },
    "webgl-constants": {
      "version": "1.1.1",
      "resolved": "https://registry.npmjs.org/webgl-constants/-/webgl-constants-1.1.1.tgz",
      "integrity": "sha512-LkBXKjU5r9vAW7Gcu3T5u+5cvSvh5WwINdr0C+9jpzVB41cjQAP5ePArDtk/WHYdVj0GefCgM73BA7FlIiNtdg=="
    },
    "zstddec": {
      "version": "0.0.2",
      "resolved": "https://registry.npmjs.org/zstddec/-/zstddec-0.0.2.tgz",
      "integrity": "sha512-DCo0oxvcvOTGP/f5FA6tz2Z6wF+FIcEApSTu0zV5sQgn9hoT5lZ9YRAKUraxt9oP7l4e8TnNdi8IZTCX6WCkwA=="
    },
    "zustand": {
      "version": "3.5.1",
      "resolved": "https://registry.npmjs.org/zustand/-/zustand-3.5.1.tgz",
      "integrity": "sha512-7J56Ve814z4zap71iaKFD+t65LFI//jEq/Vf55BTSVqJZCm+w9rov8OMBg+YSwIPQk54bfoIWHTrOWuAbpEDMw=="
    }
  }
}
